<?xml version="1.0" encoding="utf-8"?>
<Project ToolsVersion="4.0" xmlns="http://schemas.microsoft.com/developer/msbuild/2003">
  <ItemGroup>
    <Filter Include="源文件">
      <UniqueIdentifier>{4FC737F1-C7A5-4376-A066-2A32D752A2FF}</UniqueIdentifier>
      <Extensions>cpp;c;cc;cxx;c++;cppm;ixx;def;odl;idl;hpj;bat;asm;asmx</Extensions>
    </Filter>
    <Filter Include="头文件">
      <UniqueIdentifier>{93995380-89BD-4b04-88EB-625FBE52EBFB}</UniqueIdentifier>
      <Extensions>h;hh;hpp;hxx;h++;hm;inl;inc;ipp;xsd</Extensions>
    </Filter>
    <Filter Include="资源文件">
      <UniqueIdentifier>{67DA6AB6-F800-4c08-8B7A-83BB121AAD01}</UniqueIdentifier>
      <Extensions>rc;ico;cur;bmp;dlg;rc2;rct;bin;rgs;gif;jpg;jpeg;jpe;resx;tiff;tif;png;wav;mfcribbon-ms</Extensions>
    </Filter>
  </ItemGroup>
  <ItemGroup>
    <Filter Include="Core">
      <UniqueIdentifier>{8BC9CEB8-8B4A-11D0-8D11-00A0C91BC942}</UniqueIdentifier>
    </Filter>
    <Filter Include="Image">
      <UniqueIdentifier>{8BC9CEB8-8B4A-11D0-8D11-00A0C91BC943}</UniqueIdentifier>
    </Filter>
    <Filter Include="UI">
      <UniqueIdentifier>{8BC9CEB8-8B4A-11D0-8D11-00A0C91BC944}</UniqueIdentifier>
    </Filter>
    <Filter Include="GL">
      <UniqueIdentifier>{8BC9CEB8-8B4A-11D0-8D11-00A0C91BC945}</UniqueIdentifier>
    </Filter>
    <Filter Include="Utils">
      <UniqueIdentifier>{8BC9CEB8-8B4A-11D0-8D11-00A0C91BC946}</UniqueIdentifier>
    </Filter>
  </ItemGroup>
  <ItemGroup>
    <ClCompile Include="Application.cpp">
      <Filter>源文件</Filter>
    </ClCompile>
    <ClCompile Include="src\Core\FApplication.cpp">
      <Filter>Core</Filter>
    </ClCompile>
    <ClCompile Include="src\Core\FLogger.cpp">
      <Filter>Core</Filter>
    </ClCompile>
    <ClCompile Include="src\Core\FWindow.cpp">
      <Filter>Core</Filter>
    </ClCompile>
    <ClCompile Include="src\Core\FRenderer.cpp">
      <Filter>Core</Filter>
    </ClCompile>
    <ClCompile Include="src\Core\FMainDockSpace.cpp">
      <Filter>Core</Filter>
    </ClCompile>
    <ClCompile Include="src\Core\FImageConfigCache.cpp">
      <Filter>Core</Filter>
    </ClCompile>
    <ClCompile Include="src\Core\FDirectoryImagePropertyHistory.cpp">
      <Filter>Core</Filter>
    </ClCompile>
    <ClCompile Include="src\Image\FImageData.cpp">
      <Filter>Image</Filter>
    </ClCompile>
    <ClCompile Include="src\Image\FImageLoader.cpp">
      <Filter>Image</Filter>
    </ClCompile>
    <ClCompile Include="src\Image\FDngImageLoader.cpp">
      <Filter>Image</Filter>
    </ClCompile>
    <ClCompile Include="src\Image\FRawImageLoader.cpp">
      <Filter>Image</Filter>
    </ClCompile>
    <ClCompile Include="src\UI\FMenuBar.cpp">
      <Filter>UI</Filter>
    </ClCompile>
    <ClCompile Include="src\UI\FFileExplorer.cpp">
      <Filter>UI</Filter>
    </ClCompile>
    <ClCompile Include="src\UI\FImageViewer.cpp">
      <Filter>UI</Filter>
    </ClCompile>
    <ClCompile Include="src\UI\FPropertyPanel.cpp">
      <Filter>UI</Filter>
    </ClCompile>
    <ClCompile Include="src\GL\FTexture.cpp">
      <Filter>GL</Filter>
    </ClCompile>
    <ClCompile Include="src\GL\FSparseTexture.cpp">
      <Filter>GL</Filter>
    </ClCompile>
    <ClCompile Include="src\GL\FShader.cpp">
      <Filter>GL</Filter>
    </ClCompile>
    <ClCompile Include="src\GL\FShaderManager.cpp">
      <Filter>GL</Filter>
    </ClCompile>
    <ClCompile Include="src\GL\FTextureData.cpp">
      <Filter>GL</Filter>
    </ClCompile>
    <ClCompile Include="src\Util.cpp">
      <Filter>Utils</Filter>
    </ClCompile>
    <ClCompile Include="src\Core\FHdrDisplay.cpp">
      <Filter>源文件</Filter>
    </ClCompile>
    <ClCompile Include="src\Core\FHdrPresenter.cpp">
      <Filter>源文件</Filter>
    </ClCompile>
    <ClCompile Include="src\Core\FImageDocument.cpp">
      <Filter>源文件</Filter>
    </ClCompile>
    <ClCompile Include="src\Core\FCommandLine.cpp">
      <Filter>源文件</Filter>
    </ClCompile>
    <ClCompile Include="src\Core\FAsyncJob.cpp">
      <Filter>源文件</Filter>
    </ClCompile>
    <ClCompile Include="src\Core\FAsyncImageLoader.cpp">
      <Filter>源文件</Filter>
    </ClCompile>
    <ClCompile Include="src\Core\FFileDialog.cpp">
      <Filter>源文件</Filter>
    </ClCompile>
    <ClCompile Include="src\Core\FUserSettings.cpp">
      <Filter>源文件</Filter>
    </ClCompile>
    <ClCompile Include="src\Image\FImageCompare.cpp">
      <Filter>源文件</Filter>
    </ClCompile>
    <ClCompile Include="src\Image\FImageExporter.cpp">
      <Filter>源文件</Filter>
    </ClCompile>
    <ClCompile Include="src\Image\FWebpEncoder.cpp">
      <Filter>源文件</Filter>
    </ClCompile>
    <ClCompile Include="src\UI\FExportPanel.cpp">
      <Filter>源文件</Filter>
    </ClCompile>
    <ClCompile Include="src\UI\FHistogramPanel.cpp">
      <Filter>源文件</Filter>
    </ClCompile>
    <ClCompile Include="src\UI\FComparePanel.cpp">
      <Filter>源文件</Filter>
    </ClCompile>
    <ClCompile Include="src\Image\FImageFormatDesc.cpp">
      <Filter>源文件</Filter>
    </ClCompile>
    <ClCompile Include="src\Image\FResolutionGuess.cpp">
      <Filter>源文件</Filter>
    </ClCompile>
    <ClCompile Include="src\Image\FImageSampler.cpp">
      <Filter>源文件</Filter>
    </ClCompile>
    <ClCompile Include="src\Image\FWicImageLoader.cpp">
      <Filter>源文件</Filter>
    </ClCompile>
    <ClCompile Include="src\UI\FToast.cpp">
      <Filter>源文件</Filter>
    </ClCompile>
    <ClCompile Include="src\UI\FUiIcons.cpp">
      <Filter>源文件</Filter>
    </ClCompile>
    <ClCompile Include="src\UI\FThemeColorPicker.cpp">
      <Filter>UI</Filter>
    </ClCompile>
    <ClCompile Include="src\UI\FUiTheme.cpp">
      <Filter>UI</Filter>
    </ClCompile>
  </ItemGroup>
  <ItemGroup>
    <ClInclude Include="src\Core\FApplication.h">
      <Filter>Core</Filter>
    </ClInclude>
    <ClInclude Include="src\Core\FAppVersion.h">
      <Filter>Core</Filter>
    </ClInclude>
    <ClInclude Include="src\Core\FThirdPartyNotices.h">
      <Filter>Core</Filter>
    </ClInclude>
    <ClInclude Include="src\Core\FLogger.h">
      <Filter>Core</Filter>
    </ClInclude>
    <ClInclude Include="src\Core\FWindow.h">
      <Filter>Core</Filter>
    </ClInclude>
    <ClInclude Include="src\Core\FWindowPlacement.h">
      <Filter>Core</Filter>
    </ClInclude>
    <ClInclude Include="src\Core\FRenderer.h">
      <Filter>Core</Filter>
    </ClInclude>
    <ClInclude Include="src\Core\FMainDockSpace.h">
      <Filter>Core</Filter>
    </ClInclude>
    <ClInclude Include="src\Core\FImageConfigCache.h">
      <Filter>Core</Filter>
    </ClInclude>
    <ClInclude Include="src\Core\FDirectoryImagePropertyHistory.h">
      <Filter>Core</Filter>
    </ClInclude>
    <ClInclude Include="src\Image\FImageData.h">
      <Filter>Image</Filter>
    </ClInclude>
    <ClInclude Include="src\Image\FImageLoader.h">
      <Filter>Image</Filter>
    </ClInclude>
    <ClInclude Include="src\Image\FImageLoadParams.h">
      <Filter>Image</Filter>
    </ClInclude>
    <ClInclude Include="src\Image\FImageFormat.h">
      <Filter>Image</Filter>
    </ClInclude>
    <ClInclude Include="src\Image\FImageFormatDesc.h">
      <Filter>Image</Filter>
    </ClInclude>
    <ClInclude Include="src\Image\FImageLimits.h">
      <Filter>Image</Filter>
    </ClInclude>
    <ClInclude Include="src\Image\FDngImageLoader.h">
      <Filter>Image</Filter>
    </ClInclude>
    <ClInclude Include="src\Image\FRawImageLoader.h">
      <Filter>Image</Filter>
    </ClInclude>
    <ClInclude Include="src\UI\FMenuBar.h">
      <Filter>UI</Filter>
    </ClInclude>
    <ClInclude Include="src\UI\FFileExplorer.h">
      <Filter>UI</Filter>
    </ClInclude>
    <ClInclude Include="src\UI\FImageViewer.h">
      <Filter>UI</Filter>
    </ClInclude>
    <ClInclude Include="src\UI\FPropertyPanel.h">
      <Filter>UI</Filter>
    </ClInclude>
    <ClInclude Include="src\GL\FTexture.h">
      <Filter>GL</Filter>
    </ClInclude>
    <ClInclude Include="src\GL\FSparseTexture.h">
      <Filter>GL</Filter>
    </ClInclude>
    <ClInclude Include="src\GL\FShader.h">
      <Filter>GL</Filter>
    </ClInclude>
    <ClInclude Include="src\GL\FShaderManager.h">
      <Filter>GL</Filter>
    </ClInclude>
    <ClInclude Include="src\GL\FShaders.h">
      <Filter>GL</Filter>
    </ClInclude>
    <ClInclude Include="src\GL\FTextureData.h">
      <Filter>GL</Filter>
    </ClInclude>
    <ClInclude Include="src\Util.h">
      <Filter>Utils</Filter>
    </ClInclude>
    <ClInclude Include="src\Core\FHdrDisplay.h">
      <Filter>头文件</Filter>
    </ClInclude>
    <ClInclude Include="src\Core\FHdrPresenter.h">
      <Filter>头文件</Filter>
    </ClInclude>
    <ClInclude Include="src\Core\FImageDocument.h">
      <Filter>头文件</Filter>
    </ClInclude>
    <ClInclude Include="src\Core\FCommandLine.h">
      <Filter>头文件</Filter>
    </ClInclude>
    <ClInclude Include="src\Core\FAsyncJob.h">
      <Filter>头文件</Filter>
    </ClInclude>
    <ClInclude Include="src\Core\FAsyncImageLoader.h">
      <Filter>头文件</Filter>
    </ClInclude>
    <ClInclude Include="src\Core\FFileDialog.h">
      <Filter>头文件</Filter>
    </ClInclude>
    <ClInclude Include="src\Core\FUserSettings.h">
      <Filter>头文件</Filter>
    </ClInclude>
    <ClInclude Include="src\GL\FTextureLoadOptions.h">
      <Filter>GL</Filter>
    </ClInclude>
    <ClInclude Include="src\Core\FLocalization.h">
      <Filter>头文件</Filter>
    </ClInclude>
    <ClInclude Include="src\Core\FUiText.inl">
      <Filter>头文件</Filter>
    </ClInclude>
    <ClInclude Include="src\UI\FUiFont.h">
      <Filter>头文件</Filter>
    </ClInclude>
    <ClInclude Include="src\UI\FUiLayout.h">
      <Filter>头文件</Filter>
    </ClInclude>
    <ClInclude Include="src\Image\FDisplaySettings.h">
      <Filter>头文件</Filter>
    </ClInclude>
    <ClInclude Include="src\Image\FImageCompare.h">
      <Filter>头文件</Filter>
    </ClInclude>
    <ClInclude Include="src\Image\FImageExporter.h">
      <Filter>头文件</Filter>
    </ClInclude>
    <ClInclude Include="src\Image\FWebpEncoder.h">
      <Filter>头文件</Filter>
    </ClInclude>
    <ClInclude Include="src\UI\FExportPanel.h">
      <Filter>头文件</Filter>
    </ClInclude>
    <ClInclude Include="src\UI\FHistogramPanel.h">
      <Filter>头文件</Filter>
    </ClInclude>
    <ClInclude Include="src\UI\FComparePanel.h">
      <Filter>头文件</Filter>
    </ClInclude>
    <ClInclude Include="src\Image\FResolutionGuess.h">
      <Filter>头文件</Filter>
    </ClInclude>
    <ClInclude Include="src\Image\FImageSampler.h">
      <Filter>头文件</Filter>
    </ClInclude>
    <ClInclude Include="src\Image\FColorTransform.h">
      <Filter>头文件</Filter>
    </ClInclude>
    <ClInclude Include="src\Image\FWicImageLoader.h">
      <Filter>头文件</Filter>
    </ClInclude>
    <ClInclude Include="src\UI\FToast.h">
      <Filter>头文件</Filter>
    </ClInclude>
    <ClInclude Include="src\UI\FUiIcons.h">
      <Filter>头文件</Filter>
    </ClInclude>
    <ClInclude Include="src\UI\FThemeColorPicker.h">
      <Filter>UI</Filter>
    </ClInclude>
    <ClInclude Include="src\UI\FUiScale.h">
      <Filter>UI</Filter>
    </ClInclude>
    <ClInclude Include="src\UI\FUiTheme.h">
      <Filter>UI</Filter>
    </ClInclude>
  </ItemGroup>
  <ItemGroup>
    <None Include="build-release.ps1">
      <Filter>源文件</Filter>
    </None>
  </ItemGroup>
  <ItemGroup>
    <ResourceCompile Include="resources\YUVRaw.rc">
      <Filter>资源文件</Filter>
    </ResourceCompile>
    <Image Include="resources\AppIcon.ico">
      <Filter>资源文件</Filter>
    </Image>
  </ItemGroup>
  <ItemGroup><ClInclude Include="src\Core\FUiResources.h"><Filter>头文件</Filter></ClInclude></ItemGroup>
</Project>
